
Microsoft Visual Studio Solution File, Format Version 12.00
# Visual Studio Version 17
VisualStudioVersion = 17.3.32922.545
MinimumVisualStudioVersion = 10.0.40219.1
Project("{FAE04EC0-301F-11D3-BF4B-00C04F79EFBC}") = "Lab11.Android", "Lab11\Lab11.Android\Lab11.Android.csproj", "{95AA08DC-68C7-4663-B515-0CB47C05D9F4}"
EndProject
Project("{FAE04EC0-301F-11D3-BF4B-00C04F79EFBC}") = "Lab11.iOS", "Lab11\Lab11.iOS\Lab11.iOS.csproj", "{654C301E-4601-423E-A093-348573404939}"
EndProject
Project("{FAE04EC0-301F-11D3-BF4B-00C04F79EFBC}") = "Lab11", "Lab11\Lab11\Lab11.csproj", "{D7D947F3-C00F-4BDF-8B08-E9EEFD3D91CF}"
EndProject
Global
	GlobalSection(SolutionConfigurationPlatforms) = preSolution
		Debug|Any CPU = Debug|Any CPU
		Debug|iPhone = Debug|iPhone
		Debug|iPhoneSimulator = Debug|iPhoneSimulator
		Release|Any CPU = Release|Any CPU
		Release|iPhone = Release|iPhone
		Release|iPhoneSimulator = Release|iPhoneSimulator
	EndGlobalSection
	GlobalSection(ProjectConfigurationPlatforms) = postSolution
		{95AA08DC-68C7-4663-B515-0CB47C05D9F4}.Debug|Any CPU.ActiveCfg = Debug|Any CPU
		{95AA08DC-68C7-4663-B515-0CB47C05D9F4}.Debug|Any CPU.Build.0 = Debug|Any CPU
		{95AA08DC-68C7-4663-B515-0CB47C05D9F4}.Debug|Any CPU.Deploy.0 = Debug|Any CPU
		{95AA08DC-68C7-4663-B515-0CB47C05D9F4}.Debug|iPhone.ActiveCfg = Debug|Any CPU
		{95AA08DC-68C7-4663-B515-0CB47C05D9F4}.Debug|iPhone.Build.0 = Debug|Any CPU
		{95AA08DC-68C7-4663-B515-0CB47C05D9F4}.Debug|iPhone.Deploy.0 = Debug|Any CPU
		{95AA08DC-68C7-4663-B515-0CB47C05D9F4}.Debug|iPhoneSimulator.ActiveCfg = Debug|Any CPU
		{95AA08DC-68C7-4663-B515-0CB47C05D9F4}.Debug|iPhoneSimulator.Build.0 = Debug|Any CPU
		{95AA08DC-68C7-4663-B515-0CB47C05D9F4}.Debug|iPhoneSimulator.Deploy.0 = Debug|Any CPU
		{95AA08DC-68C7-4663-B515-0CB47C05D9F4}.Release|Any CPU.ActiveCfg = Release|Any CPU
		{95AA08DC-68C7-4663-B515-0CB47C05D9F4}.Release|Any CPU.Build.0 = Release|Any CPU
		{95AA08DC-68C7-4663-B515-0CB47C05D9F4}.Release|Any CPU.Deploy.0 = Release|Any CPU
		{95AA08DC-68C7-4663-B515-0CB47C05D9F4}.Release|iPhone.ActiveCfg = Release|Any CPU
		{95AA08DC-68C7-4663-B515-0CB47C05D9F4}.Release|iPhone.Build.0 = Release|Any CPU
		{95AA08DC-68C7-4663-B515-0CB47C05D9F4}.Release|iPhone.Deploy.0 = Release|Any CPU
		{95AA08DC-68C7-4663-B515-0CB47C05D9F4}.Release|iPhoneSimulator.ActiveCfg = Release|Any CPU
		{95AA08DC-68C7-4663-B515-0CB47C05D9F4}.Release|iPhoneSimulator.Build.0 = Release|Any CPU
		{95AA08DC-68C7-4663-B515-0CB47C05D9F4}.Release|iPhoneSimulator.Deploy.0 = Release|Any CPU
		{654C301E-4601-423E-A093-348573404939}.Debug|Any CPU.ActiveCfg = Debug|iPhone
		{654C301E-4601-423E-A093-348573404939}.Debug|Any CPU.Build.0 = Debug|iPhone
		{654C301E-4601-423E-A093-348573404939}.Debug|Any CPU.Deploy.0 = Debug|iPhone
		{654C301E-4601-423E-A093-348573404939}.Debug|iPhone.ActiveCfg = Debug|iPhone
		{654C301E-4601-423E-A093-348573404939}.Debug|iPhone.Build.0 = Debug|iPhone
		{654C301E-4601-423E-A093-348573404939}.Debug|iPhone.Deploy.0 = Debug|iPhone
		{654C301E-4601-423E-A093-348573404939}.Debug|iPhoneSimulator.ActiveCfg = Debug|iPhoneSimulator
		{654C301E-4601-423E-A093-348573404939}.Debug|iPhoneSimulator.Build.0 = Debug|iPhoneSimulator
		{654C301E-4601-423E-A093-348573404939}.Debug|iPhoneSimulator.Deploy.0 = Debug|iPhoneSimulator
		{654C301E-4601-423E-A093-348573404939}.Release|Any CPU.ActiveCfg = Release|iPhoneSimulator
		{654C301E-4601-423E-A093-348573404939}.Release|Any CPU.Build.0 = Release|iPhoneSimulator
		{654C301E-4601-423E-A093-348573404939}.Release|Any CPU.Deploy.0 = Release|iPhoneSimulator
		{654C301E-4601-423E-A093-348573404939}.Release|iPhone.ActiveCfg = Release|iPhone
		{654C301E-4601-423E-A093-348573404939}.Release|iPhone.Build.0 = Release|iPhone
		{654C301E-4601-423E-A093-348573404939}.Release|iPhone.Deploy.0 = Release|iPhone
		{654C301E-4601-423E-A093-348573404939}.Release|iPhoneSimulator.ActiveCfg = Release|iPhoneSimulator
		{654C301E-4601-423E-A093-348573404939}.Release|iPhoneSimulator.Build.0 = Release|iPhoneSimulator
		{654C301E-4601-423E-A093-348573404939}.Release|iPhoneSimulator.Deploy.0 = Release|iPhoneSimulator
		{D7D947F3-C00F-4BDF-8B08-E9EEFD3D91CF}.Debug|Any CPU.ActiveCfg = Debug|Any CPU
		{D7D947F3-C00F-4BDF-8B08-E9EEFD3D91CF}.Debug|Any CPU.Build.0 = Debug|Any CPU
		{D7D947F3-C00F-4BDF-8B08-E9EEFD3D91CF}.Debug|Any CPU.Deploy.0 = Debug|Any CPU
		{D7D947F3-C00F-4BDF-8B08-E9EEFD3D91CF}.Debug|iPhone.ActiveCfg = Debug|Any CPU
		{D7D947F3-C00F-4BDF-8B08-E9EEFD3D91CF}.Debug|iPhone.Build.0 = Debug|Any CPU
		{D7D947F3-C00F-4BDF-8B08-E9EEFD3D91CF}.Debug|iPhone.Deploy.0 = Debug|Any CPU
		{D7D947F3-C00F-4BDF-8B08-E9EEFD3D91CF}.Debug|iPhoneSimulator.ActiveCfg = Debug|Any CPU
		{D7D947F3-C00F-4BDF-8B08-E9EEFD3D91CF}.Debug|iPhoneSimulator.Build.0 = Debug|Any CPU
		{D7D947F3-C00F-4BDF-8B08-E9EEFD3D91CF}.Debug|iPhoneSimulator.Deploy.0 = Debug|Any CPU
		{D7D947F3-C00F-4BDF-8B08-E9EEFD3D91CF}.Release|Any CPU.ActiveCfg = Release|Any CPU
		{D7D947F3-C00F-4BDF-8B08-E9EEFD3D91CF}.Release|Any CPU.Build.0 = Release|Any CPU
		{D7D947F3-C00F-4BDF-8B08-E9EEFD3D91CF}.Release|Any CPU.Deploy.0 = Release|Any CPU
		{D7D947F3-C00F-4BDF-8B08-E9EEFD3D91CF}.Release|iPhone.ActiveCfg = Release|Any CPU
		{D7D947F3-C00F-4BDF-8B08-E9EEFD3D91CF}.Release|iPhone.Build.0 = Release|Any CPU
		{D7D947F3-C00F-4BDF-8B08-E9EEFD3D91CF}.Release|iPhone.Deploy.0 = Release|Any CPU
		{D7D947F3-C00F-4BDF-8B08-E9EEFD3D91CF}.Release|iPhoneSimulator.ActiveCfg = Release|Any CPU
		{D7D947F3-C00F-4BDF-8B08-E9EEFD3D91CF}.Release|iPhoneSimulator.Build.0 = Release|Any CPU
		{D7D947F3-C00F-4BDF-8B08-E9EEFD3D91CF}.Release|iPhoneSimulator.Deploy.0 = Release|Any CPU
	EndGlobalSection
	GlobalSection(SolutionProperties) = preSolution
		HideSolutionNode = FALSE
	EndGlobalSection
	GlobalSection(ExtensibilityGlobals) = postSolution
		SolutionGuid = {CFFA0E66-F037-4A7B-A986-300F9F7E927E}
	EndGlobalSection
EndGlobal
